
Microsoft Visual Studio Solution File, Format Version 12.00
# Visual Studio Version 16
VisualStudioVersion = 16.0.30413.136
MinimumVisualStudioVersion = 10.0.40219.1
Project("{8BC9CEB8-8B4A-11D0-8D11-00A0C91BC942}") = "[236]과제2_20192698_심원준", "[236]과제2_20192698_심원준\[236]과제2_20192698_심원준.vcxproj", "{53B95A81-926D-4D47-9EA8-0020586A07BC}"
EndProject
Global
	GlobalSection(SolutionConfigurationPlatforms) = preSolution
		Debug|x64 = Debug|x64
		Debug|x86 = Debug|x86
		Release|x64 = Release|x64
		Release|x86 = Release|x86
	EndGlobalSection
	GlobalSection(ProjectConfigurationPlatforms) = postSolution
		{53B95A81-926D-4D47-9EA8-0020586A07BC}.Debug|x64.ActiveCfg = Debug|x64
		{53B95A81-926D-4D47-9EA8-0020586A07BC}.Debug|x64.Build.0 = Debug|x64
		{53B95A81-926D-4D47-9EA8-0020586A07BC}.Debug|x86.ActiveCfg = Debug|Win32
		{53B95A81-926D-4D47-9EA8-0020586A07BC}.Debug|x86.Build.0 = Debug|Win32
		{53B95A81-926D-4D47-9EA8-0020586A07BC}.Release|x64.ActiveCfg = Release|x64
		{53B95A81-926D-4D47-9EA8-0020586A07BC}.Release|x64.Build.0 = Release|x64
		{53B95A81-926D-4D47-9EA8-0020586A07BC}.Release|x86.ActiveCfg = Release|Win32
		{53B95A81-926D-4D47-9EA8-0020586A07BC}.Release|x86.Build.0 = Release|Win32
	EndGlobalSection
	GlobalSection(SolutionProperties) = preSolution
		HideSolutionNode = FALSE
	EndGlobalSection
	GlobalSection(ExtensibilityGlobals) = postSolution
		SolutionGuid = {19A86BA4-876F-4A1D-BEB8-5BB8577501F0}
	EndGlobalSection
EndGlobal
